// !$*UTF8*$!
{
	archiveVersion = 1;
	classes = {
	};
	objectVersion = 50;
	objects = {

/* Begin PBXBuildFile section */
		CACCDC0527BC12FE0049AC2A /* svetoforSwiftUIApp.swift in Sources */ = {isa = PBXBuildFile; fileRef = CACCDC0427BC12FE0049AC2A /* svetoforSwiftUIApp.swift */; };
		CACCDC0727BC12FE0049AC2A /* ContentView.swift in Sources */ = {isa = PBXBuildFile; fileRef = CACCDC0627BC12FE0049AC2A /* ContentView.swift */; };
		CACCDC0927BC130B0049AC2A /* Assets.xcassets in Resources */ = {isa = PBXBuildFile; fileRef = CACCDC0827BC130B0049AC2A /* Assets.xcassets */; };
		CACCDC0C27BC130B0049AC2A /* Preview Assets.xcassets in Resources */ = {isa = PBXBuildFile; fileRef = CACCDC0B27BC130B0049AC2A /* Preview Assets.xcassets */; };
		CACCDC1927BC20B40049AC2A /* CircleSvetofor.swift in Sources */ = {isa = PBXBuildFile; fileRef = CACCDC1827BC20B40049AC2A /* CircleSvetofor.swift */; };
/* End PBXBuildFile section */

/* Begin PBXFileReference section */
		CACCDC0127BC12FE0049AC2A /* svetoforSwiftUI.app */ = {isa = PBXFileReference; explicitFileType = wrapper.application; includeInIndex = 0; path = svetoforSwiftUI.app; sourceTree = BUILT_PRODUCTS_DIR; };
		CACCDC0427BC12FE0049AC2A /* svetoforSwiftUIApp.swift */ = {isa = PBXFileReference; lastKnownFileType = sourcecode.swift; path = svetoforSwiftUIApp.swift; sourceTree = "<group>"; };
		CACCDC0627BC12FE0049AC2A /* ContentView.swift */ = {isa = PBXFileReference; lastKnownFileType = sourcecode.swift; path = ContentView.swift; sourceTree = "<group>"; };
		CACCDC0827BC130B0049AC2A /* Assets.xcassets */ = {isa = PBXFileReference; lastKnownFileType = folder.assetcatalog; path = Assets.xcassets; sourceTree = "<group>"; };
		CACCDC0B27BC130B0049AC2A /* Preview Assets.xcassets */ = {isa = PBXFileReference; lastKnownFileType = folder.assetcatalog; path = "Preview Assets.xcassets"; sourceTree = "<group>"; };
		CACCDC0D27BC130B0049AC2A /* Info.plist */ = {isa = PBXFileReference; lastKnownFileType = text.plist.xml; path = Info.plist; sourceTree = "<group>"; };
		CACCDC1827BC20B40049AC2A /* CircleSvetofor.swift */ = {isa = PBXFileReference; lastKnownFileType = sourcecode.swift; path = CircleSvetofor.swift; sourceTree = "<group>"; };
/* End PBXFileReference section */

/* Begin PBXFrameworksBuildPhase section */
		CACCDBFE27BC12FE0049AC2A /* Frameworks */ = {
			isa = PBXFrameworksBuildPhase;
			buildActionMask = 2147483647;
			files = (
			);
			runOnlyForDeploymentPostprocessing = 0;
		};
/* End PBXFrameworksBuildPhase section */

/* Begin PBXGroup section */
		CACCDBF827BC12FE0049AC2A = {
			isa = PBXGroup;
			children = (
				CACCDC0327BC12FE0049AC2A /* svetoforSwiftUI */,
				CACCDC0227BC12FE0049AC2A /* Products */,
			);
			sourceTree = "<group>";
		};
		CACCDC0227BC12FE0049AC2A /* Products */ = {
			isa = PBXGroup;
			children = (
				CACCDC0127BC12FE0049AC2A /* svetoforSwiftUI.app */,
			);
			name = Products;
			sourceTree = "<group>";
		};
		CACCDC0327BC12FE0049AC2A /* svetoforSwiftUI */ = {
			isa = PBXGroup;
			children = (
				CACCDC0427BC12FE0049AC2A /* svetoforSwiftUIApp.swift */,
				CACCDC0627BC12FE0049AC2A /* ContentView.swift */,
				CACCDC1827BC20B40049AC2A /* CircleSvetofor.swift */,
				CACCDC0827BC130B0049AC2A /* Assets.xcassets */,
				CACCDC0D27BC130B0049AC2A /* Info.plist */,
				CACCDC0A27BC130B0049AC2A /* Preview Content */,
			);
			path = svetoforSwiftUI;
			sourceTree = "<group>";
		};
		CACCDC0A27BC130B0049AC2A /* Preview Content */ = {
			isa = PBXGroup;
			children = (
				CACCDC0B27BC130B0049AC2A /* Preview Assets.xcassets */,
			);
			path = "Preview Content";
			sourceTree = "<group>";
		};
/* End PBXGroup section */

/* Begin PBXNativeTarget section */
		CACCDC0027BC12FE0049AC2A /* svetoforSwiftUI */ = {
			isa = PBXNativeTarget;
			buildConfigurationList = CACCDC1027BC130B0049AC2A /* Build configuration list for PBXNativeTarget "svetoforSwiftUI" */;
			buildPhases = (
				CACCDBFD27BC12FE0049AC2A /* Sources */,
				CACCDBFE27BC12FE0049AC2A /* Frameworks */,
				CACCDBFF27BC12FE0049AC2A /* Resources */,
			);
			buildRules = (
			);
			dependencies = (
			);
			name = svetoforSwiftUI;
			productName = svetoforSwiftUI;
			productReference = CACCDC0127BC12FE0049AC2A /* svetoforSwiftUI.app */;
			productType = "com.apple.product-type.application";
		};
/* End PBXNativeTarget section */

/* Begin PBXProject section */
		CACCDBF927BC12FE0049AC2A /* Project object */ = {
			isa = PBXProject;
			attributes = {
				LastSwiftUpdateCheck = 1240;
				LastUpgradeCheck = 1240;
				TargetAttributes = {
					CACCDC0027BC12FE0049AC2A = {
						CreatedOnToolsVersion = 12.4;
					};
				};
			};
			buildConfigurationList = CACCDBFC27BC12FE0049AC2A /* Build configuration list for PBXProject "svetoforSwiftUI" */;
			compatibilityVersion = "Xcode 9.3";
			developmentRegion = en;
			hasScannedForEncodings = 0;
			knownRegions = (
				en,
				Base,
			);
			mainGroup = CACCDBF827BC12FE0049AC2A;
			productRefGroup = CACCDC0227BC12FE0049AC2A /* Products */;
			projectDirPath = "";
			projectRoot = "";
			targets = (
				CACCDC0027BC12FE0049AC2A /* svetoforSwiftUI */,
			);
		};
/* End PBXProject section */

/* Begin PBXResourcesBuildPhase section */
		CACCDBFF27BC12FE0049AC2A /* Resources */ = {
			isa = PBXResourcesBuildPhase;
			buildActionMask = 2147483647;
			files = (
				CACCDC0C27BC130B0049AC2A /* Preview Assets.xcassets in Resources */,
				CACCDC0927BC130B0049AC2A /* Assets.xcassets in Resources */,
			);
			runOnlyForDeploymentPostprocessing = 0;
		};
/* End PBXResourcesBuildPhase section */

/* Begin PBXSourcesBuildPhase section */
		CACCDBFD27BC12FE0049AC2A /* Sources */ = {
			isa = PBXSourcesBuildPhase;
			buildActionMask = 2147483647;
			files = (
				CACCDC0727BC12FE0049AC2A /* ContentView.swift in Sources */,
				CACCDC0527BC12FE0049AC2A /* svetoforSwiftUIApp.swift in Sources */,
				CACCDC1927BC20B40049AC2A /* CircleSvetofor.swift in Sources */,
			);
			runOnlyForDeploymentPostprocessing = 0;
		};
/* End PBXSourcesBuildPhase section */

/* Begin XCBuildConfiguration section */
		CACCDC0E27BC130B0049AC2A /* Debug */ = {
			isa = XCBuildConfiguration;
			buildSettings = {
				ALWAYS_SEARCH_USER_PATHS = NO;
				CLANG_ANALYZER_NONNULL = YES;
				CLANG_ANALYZER_NUMBER_OBJECT_CONVERSION = YES_AGGRESSIVE;
				CLANG_CXX_LANGUAGE_STANDARD = "gnu++14";
				CLANG_CXX_LIBRARY = "libc++";
				CLANG_ENABLE_MODULES = YES;
				CLANG_ENABLE_OBJC_ARC = YES;
				CLANG_ENABLE_OBJC_WEAK = YES;
				CLANG_WARN_BLOCK_CAPTURE_AUTORELEASING = YES;
				CLANG_WARN_BOOL_CONVERSION = YES;
				CLANG_WARN_COMMA = YES;
				CLANG_WARN_CONSTANT_CONVERSION = YES;
				CLANG_WARN_DEPRECATED_OBJC_IMPLEMENTATIONS = YES;
				CLANG_WARN_DIRECT_OBJC_ISA_USAGE = YES_ERROR;
				CLANG_WARN_DOCUMENTATION_COMMENTS = YES;
				CLANG_WARN_EMPTY_BODY = YES;
				CLANG_WARN_ENUM_CONVERSION = YES;
				CLANG_WARN_INFINITE_RECURSION = YES;
				CLANG_WARN_INT_CONVERSION = YES;
				CLANG_WARN_NON_LITERAL_NULL_CONVERSION = YES;
				CLANG_WARN_OBJC_IMPLICIT_RETAIN_SELF = YES;
				CLANG_WARN_OBJC_LITERAL_CONVERSION = YES;
				CLANG_WARN_OBJC_ROOT_CLASS = YES_ERROR;
				CLANG_WARN_QUOTED_INCLUDE_IN_FRAMEWORK_HEADER = YES;
				CLANG_WARN_RANGE_LOOP_ANALYSIS = YES;
				CLANG_WARN_STRICT_PROTOTYPES = YES;
				CLANG_WARN_SUSPICIOUS_MOVE = YES;
				CLANG_WARN_UNGUARDED_AVAILABILITY = YES_AGGRESSIVE;
				CLANG_WARN_UNREACHABLE_CODE = YES;
				CLANG_WARN__DUPLICATE_METHOD_MATCH = YES;
				COPY_PHASE_STRIP = NO;
				DEBUG_INFORMATION_FORMAT = dwarf;
				ENABLE_STRICT_OBJC_MSGSEND = YES;
				ENABLE_TESTABILITY = YES;
				GCC_C_LANGUAGE_STANDARD = gnu11;
				GCC_DYNAMIC_NO_PIC = NO;
				GCC_NO_COMMON_BLOCKS = YES;
				GCC_OPTIMIZATION_LEVEL = 0;
				GCC_PREPROCESSOR_DEFINITIONS = (
					"DEBUG=1",
					"$(inherited)",
				);
				GCC_WARN_64_TO_32_BIT_CONVERSION = YES;
				GCC_WARN_ABOUT_RETURN_TYPE = YES_ERROR;
				GCC_WARN_UNDECLARED_SELECTOR = YES;
				GCC_WARN_UNINITIALIZED_AUTOS = YES_AGGRESSIVE;
				GCC_WARN_UNUSED_FUNCTION = YES;
				GCC_WARN_UNUSED_VARIABLE = YES;
				IPHONEOS_DEPLOYMENT_TARGET = 14.4;
				MTL_ENABLE_DEBUG_INFO = INCLUDE_SOURCE;
				MTL_FAST_MATH = YES;
				ONLY_ACTIVE_ARCH = YES;
				SDKROOT = iphoneos;
				SWIFT_ACTIVE_COMPILATION_CONDITIONS = DEBUG;
				SWIFT_OPTIMIZATION_LEVEL = "-Onone";
			};
			name = Debug;
		};
		CACCDC0F27BC130B0049AC2A /* Release */ = {
			isa = XCBuildConfiguration;
			buildSettings = {
				ALWAYS_SEARCH_USER_PATHS = NO;
				CLANG_ANALYZER_NONNULL = YES;
				CLANG_ANALYZER_NUMBER_OBJECT_CONVERSION = YES_AGGRESSIVE;
				CLANG_CXX_LANGUAGE_STANDARD = "gnu++14";
				CLANG_CXX_LIBRARY = "libc++";
				CLANG_ENABLE_MODULES = YES;
				CLANG_ENABLE_OBJC_ARC = YES;
				CLANG_ENABLE_OBJC_WEAK = YES;
				CLANG_WARN_BLOCK_CAPTURE_AUTORELEASING = YES;
				CLANG_WARN_BOOL_CONVERSION = YES;
				CLANG_WARN_COMMA = YES;
				CLANG_WARN_CONSTANT_CONVERSION = YES;
				CLANG_WARN_DEPRECATED_OBJC_IMPLEMENTATIONS = YES;
				CLANG_WARN_DIRECT_OBJC_ISA_USAGE = YES_ERROR;
				CLANG_WARN_DOCUMENTATION_COMMENTS = YES;
				CLANG_WARN_EMPTY_BODY = YES;
				CLANG_WARN_ENUM_CONVERSION = YES;
				CLANG_WARN_INFINITE_RECURSION = YES;
				CLANG_WARN_INT_CONVERSION = YES;
				CLANG_WARN_NON_LITERAL_NULL_CONVERSION = YES;
				CLANG_WARN_OBJC_IMPLICIT_RETAIN_SELF = YES;
				CLANG_WARN_OBJC_LITERAL_CONVERSION = YES;
				CLANG_WARN_OBJC_ROOT_CLASS = YES_ERROR;
				CLANG_WARN_QUOTED_INCLUDE_IN_FRAMEWORK_HEADER = YES;
				CLANG_WARN_RANGE_LOOP_ANALYSIS = YES;
				CLANG_WARN_STRICT_PROTOTYPES = YES;
				CLANG_WARN_SUSPICIOUS_MOVE = YES;
				CLANG_WARN_UNGUARDED_AVAILABILITY = YES_AGGRESSIVE;
				CLANG_WARN_UNREACHABLE_CODE = YES;
				CLANG_WARN__DUPLICATE_METHOD_MATCH = YES;
				COPY_PHASE_STRIP = NO;
				DEBUG_INFORMATION_FORMAT = "dwarf-with-dsym";
				ENABLE_NS_ASSERTIONS = NO;
				ENABLE_STRICT_OBJC_MSGSEND = YES;
				GCC_C_LANGUAGE_STANDARD = gnu11;
				GCC_NO_COMMON_BLOCKS = YES;
				GCC_WARN_64_TO_32_BIT_CONVERSION = YES;
				GCC_WARN_ABOUT_RETURN_TYPE = YES_ERROR;
				GCC_WARN_UNDECLARED_SELECTOR = YES;
				GCC_WARN_UNINITIALIZED_AUTOS = YES_AGGRESSIVE;
				GCC_WARN_UNUSED_FUNCTION = YES;
				GCC_WARN_UNUSED_VARIABLE = YES;
				IPHONEOS_DEPLOYMENT_TARGET = 14.4;
				MTL_ENABLE_DEBUG_INFO = NO;
				MTL_FAST_MATH = YES;
				SDKROOT = iphoneos;
				SWIFT_COMPILATION_MODE = wholemodule;
				SWIFT_OPTIMIZATION_LEVEL = "-O";
				VALIDATE_PRODUCT = YES;
			};
			name = Release;
		};
		CACCDC1127BC130B0049AC2A /* Debug */ = {
			isa = XCBuildConfiguration;
			buildSettings = {
				ASSETCATALOG_COMPILER_APPICON_NAME = AppIcon;
				ASSETCATALOG_COMPILER_GLOBAL_ACCENT_COLOR_NAME = AccentColor;
				CODE_SIGN_STYLE = Automatic;
				DEVELOPMENT_ASSET_PATHS = "\"svetoforSwiftUI/Preview Content\"";
				DEVELOPMENT_TEAM = 8BC5UDJWT2;
				ENABLE_PREVIEWS = YES;
				INFOPLIST_FILE = svetoforSwiftUI/Info.plist;
				IPHONEOS_DEPLOYMENT_TARGET = 14.0;
				LD_RUNPATH_SEARCH_PATHS = (
					"$(inherited)",
					"@executable_path/Frameworks",
				);
				PRODUCT_BUNDLE_IDENTIFIER = "-.svetoforSwiftUI";
				PRODUCT_NAME = "$(TARGET_NAME)";
				SWIFT_VERSION = 5.0;
				TARGETED_DEVICE_FAMILY = "1,2";
			};
			name = Debug;
		};
		CACCDC1227BC130B0049AC2A /* Release */ = {
			isa = XCBuildConfiguration;
			buildSettings = {
				ASSETCATALOG_COMPILER_APPICON_NAME = AppIcon;
				ASSETCATALOG_COMPILER_GLOBAL_ACCENT_COLOR_NAME = AccentColor;
				CODE_SIGN_STYLE = Automatic;
				DEVELOPMENT_ASSET_PATHS = "\"svetoforSwiftUI/Preview Content\"";
				DEVELOPMENT_TEAM = 8BC5UDJWT2;
				ENABLE_PREVIEWS = YES;
				INFOPLIST_FILE = svetoforSwiftUI/Info.plist;
				IPHONEOS_DEPLOYMENT_TARGET = 14.0;
				LD_RUNPATH_SEARCH_PATHS = (
					"$(inherited)",
					"@executable_path/Frameworks",
				);
				PRODUCT_BUNDLE_IDENTIFIER = "-.svetoforSwiftUI";
				PRODUCT_NAME = "$(TARGET_NAME)";
				SWIFT_VERSION = 5.0;
				TARGETED_DEVICE_FAMILY = "1,2";
			};
			name = Release;
		};
/* End XCBuildConfiguration section */

/* Begin XCConfigurationList section */
		CACCDBFC27BC12FE0049AC2A /* Build configuration list for PBXProject "svetoforSwiftUI" */ = {
			isa = XCConfigurationList;
			buildConfigurations = (
				CACCDC0E27BC130B0049AC2A /* Debug */,
				CACCDC0F27BC130B0049AC2A /* Release */,
			);
			defaultConfigurationIsVisible = 0;
			defaultConfigurationName = Release;
		};
		CACCDC1027BC130B0049AC2A /* Build configuration list for PBXNativeTarget "svetoforSwiftUI" */ = {
			isa = XCConfigurationList;
			buildConfigurations = (
				CACCDC1127BC130B0049AC2A /* Debug */,
				CACCDC1227BC130B0049AC2A /* Release */,
			);
			defaultConfigurationIsVisible = 0;
			defaultConfigurationName = Release;
		};
/* End XCConfigurationList section */
	};
	rootObject = CACCDBF927BC12FE0049AC2A /* Project object */;
}
